PODS:
  - AFNetworking (3.1.0):
    - AFNetworking/NSURLSession (= 3.1.0)
    - AFNetworking/Reachability (= 3.1.0)
    - AFNetworking/Security (= 3.1.0)
    - AFNetworking/Serialization (= 3.1.0)
    - AFNetworking/UIKit (= 3.1.0)
  - AFNetworking/NSURLSession (3.1.0):
    - AFNetworking/Reachability
    - AFNetworking/Security
    - AFNetworking/Serialization
  - AFNetworking/Reachability (3.1.0)
  - AFNetworking/Security (3.1.0)
  - AFNetworking/Serialization (3.1.0)
  - AFNetworking/UIKit (3.1.0):
    - AFNetworking/NSURLSession
  - MBProgressHUD (1.0.0)
  - SwiftGifOrigin (1.6.1)

DEPENDENCIES:
  - AFNetworking
  - MBProgressHUD
  - SwiftGifOrigin (~> 1.6.1)

SPEC CHECKSUMS:
  AFNetworking: 5e0e199f73d8626b11e79750991f5d173d1f8b67
  MBProgressHUD: 4890f671c94e8a0f3cf959aa731e9de2f036d71a
  SwiftGifOrigin: d6679d3ebe9df2e049a84bc52582635107b581f6

PODFILE CHECKSUM: 9c7a2a597d18f0b1835b62d8a09d56513a364c48

COCOAPODS: 1.2.0
