// !$*UTF8*$!
{
	archiveVersion = 1;
	classes = {
	};
	objectVersion = 46;
	objects = {

/* Begin PBXBuildFile section */
		1E05A377151C5CF8CD8E8307 /* Pods_flicks.framework in Frameworks */ = {isa = PBXBuildFile; fileRef = BE826239AA6977A67A1D0E23 /* Pods_flicks.framework */; };
		6705DB141E42D4A000FF914A /* AppDelegate.swift in Sources */ = {isa = PBXBuildFile; fileRef = 6705DB131E42D4A000FF914A /* AppDelegate.swift */; };
		6705DB191E42D4A400FF914A /* Main.storyboard in Resources */ = {isa = PBXBuildFile; fileRef = 6705DB171E42D4A400FF914A /* Main.storyboard */; };
		6705DB1B1E42D4A700FF914A /* Assets.xcassets in Resources */ = {isa = PBXBuildFile; fileRef = 6705DB1A1E42D4A700FF914A /* Assets.xcassets */; };
		6705DB1E1E42D4A700FF914A /* LaunchScreen.storyboard in Resources */ = {isa = PBXBuildFile; fileRef = 6705DB1C1E42D4A700FF914A /* LaunchScreen.storyboard */; };
		6705DB261E42D56900FF914A /* MovieViewController.swift in Sources */ = {isa = PBXBuildFile; fileRef = 6705DB251E42D56900FF914A /* MovieViewController.swift */; };
		6705DB2A1E42D5EC00FF914A /* MovieCell.swift in Sources */ = {isa = PBXBuildFile; fileRef = 6705DB291E42D5EC00FF914A /* MovieCell.swift */; };
		675ED1631E4AD7520044EA46 /* DetailViewController.swift in Sources */ = {isa = PBXBuildFile; fileRef = 675ED1621E4AD7520044EA46 /* DetailViewController.swift */; };
		6766BCA71E43AE7800E9479A /* PosterCell.swift in Sources */ = {isa = PBXBuildFile; fileRef = 6766BCA61E43AE7800E9479A /* PosterCell.swift */; };
		6766BCA91E43B43F00E9479A /* PosterViewController.swift in Sources */ = {isa = PBXBuildFile; fileRef = 6766BCA81E43B43F00E9479A /* PosterViewController.swift */; };
/* End PBXBuildFile section */

/* Begin PBXFileReference section */
		6705DB101E42D49F00FF914A /* flicks.app */ = {isa = PBXFileReference; explicitFileType = wrapper.application; includeInIndex = 0; path = flicks.app; sourceTree = BUILT_PRODUCTS_DIR; };
		6705DB131E42D4A000FF914A /* AppDelegate.swift */ = {isa = PBXFileReference; lastKnownFileType = sourcecode.swift; path = AppDelegate.swift; sourceTree = "<group>"; };
		6705DB181E42D4A400FF914A /* Base */ = {isa = PBXFileReference; lastKnownFileType = file.storyboard; name = Base; path = Base.lproj/Main.storyboard; sourceTree = "<group>"; };
		6705DB1A1E42D4A700FF914A /* Assets.xcassets */ = {isa = PBXFileReference; lastKnownFileType = folder.assetcatalog; path = Assets.xcassets; sourceTree = "<group>"; };
		6705DB1D1E42D4A700FF914A /* Base */ = {isa = PBXFileReference; lastKnownFileType = file.storyboard; name = Base; path = Base.lproj/LaunchScreen.storyboard; sourceTree = "<group>"; };
		6705DB1F1E42D4A800FF914A /* Info.plist */ = {isa = PBXFileReference; lastKnownFileType = text.plist.xml; path = Info.plist; sourceTree = "<group>"; };
		6705DB251E42D56900FF914A /* MovieViewController.swift */ = {isa = PBXFileReference; fileEncoding = 4; lastKnownFileType = sourcecode.swift; path = MovieViewController.swift; sourceTree = "<group>"; };
		6705DB291E42D5EC00FF914A /* MovieCell.swift */ = {isa = PBXFileReference; fileEncoding = 4; lastKnownFileType = sourcecode.swift; path = MovieCell.swift; sourceTree = "<group>"; };
		675ED1621E4AD7520044EA46 /* DetailViewController.swift */ = {isa = PBXFileReference; fileEncoding = 4; lastKnownFileType = sourcecode.swift; path = DetailViewController.swift; sourceTree = "<group>"; };
		6766BCA61E43AE7800E9479A /* PosterCell.swift */ = {isa = PBXFileReference; fileEncoding = 4; lastKnownFileType = sourcecode.swift; path = PosterCell.swift; sourceTree = "<group>"; };
		6766BCA81E43B43F00E9479A /* PosterViewController.swift */ = {isa = PBXFileReference; fileEncoding = 4; lastKnownFileType = sourcecode.swift; path = PosterViewController.swift; sourceTree = "<group>"; };
		A2C1B3101B2B104611803AC3 /* Pods-flicks.debug.xcconfig */ = {isa = PBXFileReference; includeInIndex = 1; lastKnownFileType = text.xcconfig; name = "Pods-flicks.debug.xcconfig"; path = "Pods/Target Support Files/Pods-flicks/Pods-flicks.debug.xcconfig"; sourceTree = "<group>"; };
		BE826239AA6977A67A1D0E23 /* Pods_flicks.framework */ = {isa = PBXFileReference; explicitFileType = wrapper.framework; includeInIndex = 0; path = Pods_flicks.framework; sourceTree = BUILT_PRODUCTS_DIR; };
		FF0F7F50CF69EB4896934204 /* Pods-flicks.release.xcconfig */ = {isa = PBXFileReference; includeInIndex = 1; lastKnownFileType = text.xcconfig; name = "Pods-flicks.release.xcconfig"; path = "Pods/Target Support Files/Pods-flicks/Pods-flicks.release.xcconfig"; sourceTree = "<group>"; };
/* End PBXFileReference section */

/* Begin PBXFrameworksBuildPhase section */
		6705DB0D1E42D49F00FF914A /* Frameworks */ = {
			isa = PBXFrameworksBuildPhase;
			buildActionMask = 2147483647;
			files = (
				1E05A377151C5CF8CD8E8307 /* Pods_flicks.framework in Frameworks */,
			);
			runOnlyForDeploymentPostprocessing = 0;
		};
/* End PBXFrameworksBuildPhase section */

/* Begin PBXGroup section */
		631AF0E7D319C55E6218E2DA /* Frameworks */ = {
			isa = PBXGroup;
			children = (
				BE826239AA6977A67A1D0E23 /* Pods_flicks.framework */,
			);
			name = Frameworks;
			sourceTree = "<group>";
		};
		6705DB071E42D49C00FF914A = {
			isa = PBXGroup;
			children = (
				6705DB121E42D49F00FF914A /* flicks */,
				6705DB111E42D49F00FF914A /* Products */,
				75D9B6D1CF4FC9C73592197F /* Pods */,
				631AF0E7D319C55E6218E2DA /* Frameworks */,
			);
			sourceTree = "<group>";
		};
		6705DB111E42D49F00FF914A /* Products */ = {
			isa = PBXGroup;
			children = (
				6705DB101E42D49F00FF914A /* flicks.app */,
			);
			name = Products;
			sourceTree = "<group>";
		};
		6705DB121E42D49F00FF914A /* flicks */ = {
			isa = PBXGroup;
			children = (
				6705DB281E42D5AE00FF914A /* Cell */,
				6705DB271E42D5A400FF914A /* ViewController */,
				6705DB131E42D4A000FF914A /* AppDelegate.swift */,
				6705DB171E42D4A400FF914A /* Main.storyboard */,
				6705DB1A1E42D4A700FF914A /* Assets.xcassets */,
				6705DB1C1E42D4A700FF914A /* LaunchScreen.storyboard */,
				6705DB1F1E42D4A800FF914A /* Info.plist */,
			);
			path = flicks;
			sourceTree = "<group>";
		};
		6705DB271E42D5A400FF914A /* ViewController */ = {
			isa = PBXGroup;
			children = (
				6705DB251E42D56900FF914A /* MovieViewController.swift */,
				6766BCA81E43B43F00E9479A /* PosterViewController.swift */,
				675ED1621E4AD7520044EA46 /* DetailViewController.swift */,
			);
			name = ViewController;
			sourceTree = "<group>";
		};
		6705DB281E42D5AE00FF914A /* Cell */ = {
			isa = PBXGroup;
			children = (
				6705DB291E42D5EC00FF914A /* MovieCell.swift */,
				6766BCA61E43AE7800E9479A /* PosterCell.swift */,
			);
			name = Cell;
			sourceTree = "<group>";
		};
		75D9B6D1CF4FC9C73592197F /* Pods */ = {
			isa = PBXGroup;
			children = (
				A2C1B3101B2B104611803AC3 /* Pods-flicks.debug.xcconfig */,
				FF0F7F50CF69EB4896934204 /* Pods-flicks.release.xcconfig */,
			);
			name = Pods;
			sourceTree = "<group>";
		};
/* End PBXGroup section */

/* Begin PBXNativeTarget section */
		6705DB0F1E42D49F00FF914A /* flicks */ = {
			isa = PBXNativeTarget;
			buildConfigurationList = 6705DB221E42D4A800FF914A /* Build configuration list for PBXNativeTarget "flicks" */;
			buildPhases = (
				5465692BEC325FDC8FF539A8 /* [CP] Check Pods Manifest.lock */,
				6705DB0C1E42D49F00FF914A /* Sources */,
				6705DB0D1E42D49F00FF914A /* Frameworks */,
				6705DB0E1E42D49F00FF914A /* Resources */,
				701B745DC8B9EA0B40D4CCEA /* [CP] Embed Pods Frameworks */,
				591ABDEDBEA3878C0B23B3DC /* [CP] Copy Pods Resources */,
			);
			buildRules = (
			);
			dependencies = (
			);
			name = flicks;
			productName = flicks;
			productReference = 6705DB101E42D49F00FF914A /* flicks.app */;
			productType = "com.apple.product-type.application";
		};
/* End PBXNativeTarget section */

/* Begin PBXProject section */
		6705DB081E42D49D00FF914A /* Project object */ = {
			isa = PBXProject;
			attributes = {
				LastSwiftUpdateCheck = 0820;
				LastUpgradeCheck = 0820;
				ORGANIZATIONNAME = "Chi Hon Law";
				TargetAttributes = {
					6705DB0F1E42D49F00FF914A = {
						CreatedOnToolsVersion = 8.2.1;
						DevelopmentTeam = NQTW4CBNTU;
						ProvisioningStyle = Automatic;
					};
				};
			};
			buildConfigurationList = 6705DB0B1E42D49E00FF914A /* Build configuration list for PBXProject "flicks" */;
			compatibilityVersion = "Xcode 3.2";
			developmentRegion = English;
			hasScannedForEncodings = 0;
			knownRegions = (
				en,
				Base,
			);
			mainGroup = 6705DB071E42D49C00FF914A;
			productRefGroup = 6705DB111E42D49F00FF914A /* Products */;
			projectDirPath = "";
			projectRoot = "";
			targets = (
				6705DB0F1E42D49F00FF914A /* flicks */,
			);
		};
/* End PBXProject section */

/* Begin PBXResourcesBuildPhase section */
		6705DB0E1E42D49F00FF914A /* Resources */ = {
			isa = PBXResourcesBuildPhase;
			buildActionMask = 2147483647;
			files = (
				6705DB1E1E42D4A700FF914A /* LaunchScreen.storyboard in Resources */,
				6705DB1B1E42D4A700FF914A /* Assets.xcassets in Resources */,
				6705DB191E42D4A400FF914A /* Main.storyboard in Resources */,
			);
			runOnlyForDeploymentPostprocessing = 0;
		};
/* End PBXResourcesBuildPhase section */

/* Begin PBXShellScriptBuildPhase section */
		5465692BEC325FDC8FF539A8 /* [CP] Check Pods Manifest.lock */ = {
			isa = PBXShellScriptBuildPhase;
			buildActionMask = 2147483647;
			files = (
			);
			inputPaths = (
			);
			name = "[CP] Check Pods Manifest.lock";
			outputPaths = (
			);
			runOnlyForDeploymentPostprocessing = 0;
			shellPath = /bin/sh;
			shellScript = "diff \"${PODS_ROOT}/../Podfile.lock\" \"${PODS_ROOT}/Manifest.lock\" > /dev/null\nif [ $? != 0 ] ; then\n    # print error to STDERR\n    echo \"error: The sandbox is not in sync with the Podfile.lock. Run 'pod install' or update your CocoaPods installation.\" >&2\n    exit 1\nfi\n";
			showEnvVarsInLog = 0;
		};
		591ABDEDBEA3878C0B23B3DC /* [CP] Copy Pods Resources */ = {
			isa = PBXShellScriptBuildPhase;
			buildActionMask = 2147483647;
			files = (
			);
			inputPaths = (
			);
			name = "[CP] Copy Pods Resources";
			outputPaths = (
			);
			runOnlyForDeploymentPostprocessing = 0;
			shellPath = /bin/sh;
			shellScript = "\"${SRCROOT}/Pods/Target Support Files/Pods-flicks/Pods-flicks-resources.sh\"\n";
			showEnvVarsInLog = 0;
		};
		701B745DC8B9EA0B40D4CCEA /* [CP] Embed Pods Frameworks */ = {
			isa = PBXShellScriptBuildPhase;
			buildActionMask = 2147483647;
			files = (
			);
			inputPaths = (
			);
			name = "[CP] Embed Pods Frameworks";
			outputPaths = (
			);
			runOnlyForDeploymentPostprocessing = 0;
			shellPath = /bin/sh;
			shellScript = "\"${SRCROOT}/Pods/Target Support Files/Pods-flicks/Pods-flicks-frameworks.sh\"\n";
			showEnvVarsInLog = 0;
		};
/* End PBXShellScriptBuildPhase section */

/* Begin PBXSourcesBuildPhase section */
		6705DB0C1E42D49F00FF914A /* Sources */ = {
			isa = PBXSourcesBuildPhase;
			buildActionMask = 2147483647;
			files = (
				6766BCA91E43B43F00E9479A /* PosterViewController.swift in Sources */,
				6705DB141E42D4A000FF914A /* AppDelegate.swift in Sources */,
				6766BCA71E43AE7800E9479A /* PosterCell.swift in Sources */,
				675ED1631E4AD7520044EA46 /* DetailViewController.swift in Sources */,
				6705DB2A1E42D5EC00FF914A /* MovieCell.swift in Sources */,
				6705DB261E42D56900FF914A /* MovieViewController.swift in Sources */,
			);
			runOnlyForDeploymentPostprocessing = 0;
		};
/* End PBXSourcesBuildPhase section */

/* Begin PBXVariantGroup section */
		6705DB171E42D4A400FF914A /* Main.storyboard */ = {
			isa = PBXVariantGroup;
			children = (
				6705DB181E42D4A400FF914A /* Base */,
			);
			name = Main.storyboard;
			sourceTree = "<group>";
		};
		6705DB1C1E42D4A700FF914A /* LaunchScreen.storyboard */ = {
			isa = PBXVariantGroup;
			children = (
				6705DB1D1E42D4A700FF914A /* Base */,
			);
			name = LaunchScreen.storyboard;
			sourceTree = "<group>";
		};
/* End PBXVariantGroup section */

/* Begin XCBuildConfiguration section */
		6705DB201E42D4A800FF914A /* Debug */ = {
			isa = XCBuildConfiguration;
			buildSettings = {
				ALWAYS_SEARCH_USER_PATHS = NO;
				CLANG_ANALYZER_NONNULL = YES;
				CLANG_CXX_LANGUAGE_STANDARD = "gnu++0x";
				CLANG_CXX_LIBRARY = "libc++";
				CLANG_ENABLE_MODULES = YES;
				CLANG_ENABLE_OBJC_ARC = YES;
				CLANG_WARN_BOOL_CONVERSION = YES;
				CLANG_WARN_CONSTANT_CONVERSION = YES;
				CLANG_WARN_DIRECT_OBJC_ISA_USAGE = YES_ERROR;
				CLANG_WARN_DOCUMENTATION_COMMENTS = YES;
				CLANG_WARN_EMPTY_BODY = YES;
				CLANG_WARN_ENUM_CONVERSION = YES;
				CLANG_WARN_INFINITE_RECURSION = YES;
				CLANG_WARN_INT_CONVERSION = YES;
				CLANG_WARN_OBJC_ROOT_CLASS = YES_ERROR;
				CLANG_WARN_SUSPICIOUS_MOVE = YES;
				CLANG_WARN_UNREACHABLE_CODE = YES;
				CLANG_WARN__DUPLICATE_METHOD_MATCH = YES;
				"CODE_SIGN_IDENTITY[sdk=iphoneos*]" = "iPhone Developer";
				COPY_PHASE_STRIP = NO;
				DEBUG_INFORMATION_FORMAT = dwarf;
				ENABLE_STRICT_OBJC_MSGSEND = YES;
				ENABLE_TESTABILITY = YES;
				GCC_C_LANGUAGE_STANDARD = gnu99;
				GCC_DYNAMIC_NO_PIC = NO;
				GCC_NO_COMMON_BLOCKS = YES;
				GCC_OPTIMIZATION_LEVEL = 0;
				GCC_PREPROCESSOR_DEFINITIONS = (
					"DEBUG=1",
					"$(inherited)",
				);
				GCC_WARN_64_TO_32_BIT_CONVERSION = YES;
				GCC_WARN_ABOUT_RETURN_TYPE = YES_ERROR;
				GCC_WARN_UNDECLARED_SELECTOR = YES;
				GCC_WARN_UNINITIALIZED_AUTOS = YES_AGGRESSIVE;
				GCC_WARN_UNUSED_FUNCTION = YES;
				GCC_WARN_UNUSED_VARIABLE = YES;
				IPHONEOS_DEPLOYMENT_TARGET = 10.2;
				MTL_ENABLE_DEBUG_INFO = YES;
				ONLY_ACTIVE_ARCH = YES;
				SDKROOT = iphoneos;
				SWIFT_ACTIVE_COMPILATION_CONDITIONS = DEBUG;
				SWIFT_OPTIMIZATION_LEVEL = "-Onone";
				TARGETED_DEVICE_FAMILY = "1,2";
			};
			name = Debug;
		};
		6705DB211E42D4A800FF914A /* Release */ = {
			isa = XCBuildConfiguration;
			buildSettings = {
				ALWAYS_SEARCH_USER_PATHS = NO;
				CLANG_ANALYZER_NONNULL = YES;
				CLANG_CXX_LANGUAGE_STANDARD = "gnu++0x";
				CLANG_CXX_LIBRARY = "libc++";
				CLANG_ENABLE_MODULES = YES;
				CLANG_ENABLE_OBJC_ARC = YES;
				CLANG_WARN_BOOL_CONVERSION = YES;
				CLANG_WARN_CONSTANT_CONVERSION = YES;
				CLANG_WARN_DIRECT_OBJC_ISA_USAGE = YES_ERROR;
				CLANG_WARN_DOCUMENTATION_COMMENTS = YES;
				CLANG_WARN_EMPTY_BODY = YES;
				CLANG_WARN_ENUM_CONVERSION = YES;
				CLANG_WARN_INFINITE_RECURSION = YES;
				CLANG_WARN_INT_CONVERSION = YES;
				CLANG_WARN_OBJC_ROOT_CLASS = YES_ERROR;
				CLANG_WARN_SUSPICIOUS_MOVE = YES;
				CLANG_WARN_UNREACHABLE_CODE = YES;
				CLANG_WARN__DUPLICATE_METHOD_MATCH = YES;
				"CODE_SIGN_IDENTITY[sdk=iphoneos*]" = "iPhone Developer";
				COPY_PHASE_STRIP = NO;
				DEBUG_INFORMATION_FORMAT = "dwarf-with-dsym";
				ENABLE_NS_ASSERTIONS = NO;
				ENABLE_STRICT_OBJC_MSGSEND = YES;
				GCC_C_LANGUAGE_STANDARD = gnu99;
				GCC_NO_COMMON_BLOCKS = YES;
				GCC_WARN_64_TO_32_BIT_CONVERSION = YES;
				GCC_WARN_ABOUT_RETURN_TYPE = YES_ERROR;
				GCC_WARN_UNDECLARED_SELECTOR = YES;
				GCC_WARN_UNINITIALIZED_AUTOS = YES_AGGRESSIVE;
				GCC_WARN_UNUSED_FUNCTION = YES;
				GCC_WARN_UNUSED_VARIABLE = YES;
				IPHONEOS_DEPLOYMENT_TARGET = 10.2;
				MTL_ENABLE_DEBUG_INFO = NO;
				SDKROOT = iphoneos;
				SWIFT_OPTIMIZATION_LEVEL = "-Owholemodule";
				TARGETED_DEVICE_FAMILY = "1,2";
				VALIDATE_PRODUCT = YES;
			};
			name = Release;
		};
		6705DB231E42D4A800FF914A /* Debug */ = {
			isa = XCBuildConfiguration;
			baseConfigurationReference = A2C1B3101B2B104611803AC3 /* Pods-flicks.debug.xcconfig */;
			buildSettings = {
				ASSETCATALOG_COMPILER_APPICON_NAME = AppIcon;
				DEVELOPMENT_TEAM = NQTW4CBNTU;
				INFOPLIST_FILE = flicks/Info.plist;
				LD_RUNPATH_SEARCH_PATHS = "$(inherited) @executable_path/Frameworks";
				PRODUCT_BUNDLE_IDENTIFIER = lawchihon.flicks;
				PRODUCT_NAME = "$(TARGET_NAME)";
				SWIFT_VERSION = 3.0;
			};
			name = Debug;
		};
		6705DB241E42D4A800FF914A /* Release */ = {
			isa = XCBuildConfiguration;
			baseConfigurationReference = FF0F7F50CF69EB4896934204 /* Pods-flicks.release.xcconfig */;
			buildSettings = {
				ASSETCATALOG_COMPILER_APPICON_NAME = AppIcon;
				DEVELOPMENT_TEAM = NQTW4CBNTU;
				INFOPLIST_FILE = flicks/Info.plist;
				LD_RUNPATH_SEARCH_PATHS = "$(inherited) @executable_path/Frameworks";
				PRODUCT_BUNDLE_IDENTIFIER = lawchihon.flicks;
				PRODUCT_NAME = "$(TARGET_NAME)";
				SWIFT_VERSION = 3.0;
			};
			name = Release;
		};
/* End XCBuildConfiguration section */

/* Begin XCConfigurationList section */
		6705DB0B1E42D49E00FF914A /* Build configuration list for PBXProject "flicks" */ = {
			isa = XCConfigurationList;
			buildConfigurations = (
				6705DB201E42D4A800FF914A /* Debug */,
				6705DB211E42D4A800FF914A /* Release */,
			);
			defaultConfigurationIsVisible = 0;
			defaultConfigurationName = Release;
		};
		6705DB221E42D4A800FF914A /* Build configuration list for PBXNativeTarget "flicks" */ = {
			isa = XCConfigurationList;
			buildConfigurations = (
				6705DB231E42D4A800FF914A /* Debug */,
				6705DB241E42D4A800FF914A /* Release */,
			);
			defaultConfigurationIsVisible = 0;
			defaultConfigurationName = Release;
		};
/* End XCConfigurationList section */
	};
	rootObject = 6705DB081E42D49D00FF914A /* Project object */;
}
